// !$*UTF8*$!
{
	archiveVersion = 1;
	classes = {
	};
	objectVersion = 48;
	objects = {

/* Begin PBXBuildFile section */
		EB7EFD312009898A0006394C /* Extensions.swift in Sources */ = {isa = PBXBuildFile; fileRef = EB7EFD302009898A0006394C /* Extensions.swift */; };
		EBB88F402008BD440027A3AD /* main.swift in Sources */ = {isa = PBXBuildFile; fileRef = EBB88F3F2008BD440027A3AD /* main.swift */; };
		EBB88F4A2008BD970027A3AD /* R32015.swift in Sources */ = {isa = PBXBuildFile; fileRef = EBB88F462008BD970027A3AD /* R32015.swift */; };
		EBB88F4B2008BD970027A3AD /* R22015.swift in Sources */ = {isa = PBXBuildFile; fileRef = EBB88F472008BD970027A3AD /* R22015.swift */; };
		EBB88F4C2008BD970027A3AD /* R42015.swift in Sources */ = {isa = PBXBuildFile; fileRef = EBB88F482008BD970027A3AD /* R42015.swift */; };
		EBB88F4D2008BD970027A3AD /* R12015.swift in Sources */ = {isa = PBXBuildFile; fileRef = EBB88F492008BD970027A3AD /* R12015.swift */; };
		EBB88F552008BE8D0027A3AD /* R52016.swift in Sources */ = {isa = PBXBuildFile; fileRef = EBB88F502008BE8D0027A3AD /* R52016.swift */; };
		EBB88F562008BE8D0027A3AD /* R12016.swift in Sources */ = {isa = PBXBuildFile; fileRef = EBB88F512008BE8D0027A3AD /* R12016.swift */; };
		EBB88F572008BE8D0027A3AD /* R22016.swift in Sources */ = {isa = PBXBuildFile; fileRef = EBB88F522008BE8D0027A3AD /* R22016.swift */; };
		EBB88F582008BE8D0027A3AD /* R42016.swift in Sources */ = {isa = PBXBuildFile; fileRef = EBB88F532008BE8D0027A3AD /* R42016.swift */; };
		EBB88F592008BE8D0027A3AD /* R32016.swift in Sources */ = {isa = PBXBuildFile; fileRef = EBB88F542008BE8D0027A3AD /* R32016.swift */; };
		EBB88F602008BF850027A3AD /* R22017.swift in Sources */ = {isa = PBXBuildFile; fileRef = EBB88F5B2008BF840027A3AD /* R22017.swift */; };
		EBB88F612008BF850027A3AD /* R52017.swift in Sources */ = {isa = PBXBuildFile; fileRef = EBB88F5C2008BF850027A3AD /* R52017.swift */; };
		EBB88F622008BF850027A3AD /* R42017.swift in Sources */ = {isa = PBXBuildFile; fileRef = EBB88F5D2008BF850027A3AD /* R42017.swift */; };
		EBB88F632008BF850027A3AD /* R12017.swift in Sources */ = {isa = PBXBuildFile; fileRef = EBB88F5E2008BF850027A3AD /* R12017.swift */; };
		EBB88F642008BF850027A3AD /* R32017.swift in Sources */ = {isa = PBXBuildFile; fileRef = EBB88F5F2008BF850027A3AD /* R32017.swift */; };
/* End PBXBuildFile section */

/* Begin PBXCopyFilesBuildPhase section */
		EBB88F3A2008BD430027A3AD /* CopyFiles */ = {
			isa = PBXCopyFilesBuildPhase;
			buildActionMask = 2147483647;
			dstPath = /usr/share/man/man1/;
			dstSubfolderSpec = 0;
			files = (
			);
			runOnlyForDeploymentPostprocessing = 1;
		};
/* End PBXCopyFilesBuildPhase section */

/* Begin PBXFileReference section */
		EB7EFD302009898A0006394C /* Extensions.swift */ = {isa = PBXFileReference; lastKnownFileType = sourcecode.swift; path = Extensions.swift; sourceTree = "<group>"; };
		EBB88F3C2008BD430027A3AD /* CodeFEST */ = {isa = PBXFileReference; explicitFileType = "compiled.mach-o.executable"; includeInIndex = 0; path = CodeFEST; sourceTree = BUILT_PRODUCTS_DIR; };
		EBB88F3F2008BD440027A3AD /* main.swift */ = {isa = PBXFileReference; lastKnownFileType = sourcecode.swift; path = main.swift; sourceTree = "<group>"; };
		EBB88F462008BD970027A3AD /* R32015.swift */ = {isa = PBXFileReference; fileEncoding = 4; lastKnownFileType = sourcecode.swift; path = R32015.swift; sourceTree = "<group>"; };
		EBB88F472008BD970027A3AD /* R22015.swift */ = {isa = PBXFileReference; fileEncoding = 4; lastKnownFileType = sourcecode.swift; path = R22015.swift; sourceTree = "<group>"; };
		EBB88F482008BD970027A3AD /* R42015.swift */ = {isa = PBXFileReference; fileEncoding = 4; lastKnownFileType = sourcecode.swift; path = R42015.swift; sourceTree = "<group>"; };
		EBB88F492008BD970027A3AD /* R12015.swift */ = {isa = PBXFileReference; fileEncoding = 4; lastKnownFileType = sourcecode.swift; path = R12015.swift; sourceTree = "<group>"; };
		EBB88F502008BE8D0027A3AD /* R52016.swift */ = {isa = PBXFileReference; fileEncoding = 4; lastKnownFileType = sourcecode.swift; path = R52016.swift; sourceTree = "<group>"; };
		EBB88F512008BE8D0027A3AD /* R12016.swift */ = {isa = PBXFileReference; fileEncoding = 4; lastKnownFileType = sourcecode.swift; path = R12016.swift; sourceTree = "<group>"; };
		EBB88F522008BE8D0027A3AD /* R22016.swift */ = {isa = PBXFileReference; fileEncoding = 4; lastKnownFileType = sourcecode.swift; path = R22016.swift; sourceTree = "<group>"; };
		EBB88F532008BE8D0027A3AD /* R42016.swift */ = {isa = PBXFileReference; fileEncoding = 4; lastKnownFileType = sourcecode.swift; path = R42016.swift; sourceTree = "<group>"; };
		EBB88F542008BE8D0027A3AD /* R32016.swift */ = {isa = PBXFileReference; fileEncoding = 4; lastKnownFileType = sourcecode.swift; path = R32016.swift; sourceTree = "<group>"; };
		EBB88F5B2008BF840027A3AD /* R22017.swift */ = {isa = PBXFileReference; fileEncoding = 4; lastKnownFileType = sourcecode.swift; path = R22017.swift; sourceTree = "<group>"; };
		EBB88F5C2008BF850027A3AD /* R52017.swift */ = {isa = PBXFileReference; fileEncoding = 4; lastKnownFileType = sourcecode.swift; path = R52017.swift; sourceTree = "<group>"; usesTabs = 1; };
		EBB88F5D2008BF850027A3AD /* R42017.swift */ = {isa = PBXFileReference; fileEncoding = 4; lastKnownFileType = sourcecode.swift; path = R42017.swift; sourceTree = "<group>"; usesTabs = 1; };
		EBB88F5E2008BF850027A3AD /* R12017.swift */ = {isa = PBXFileReference; fileEncoding = 4; lastKnownFileType = sourcecode.swift; path = R12017.swift; sourceTree = "<group>"; };
		EBB88F5F2008BF850027A3AD /* R32017.swift */ = {isa = PBXFileReference; fileEncoding = 4; lastKnownFileType = sourcecode.swift; path = R32017.swift; sourceTree = "<group>"; };
/* End PBXFileReference section */

/* Begin PBXFrameworksBuildPhase section */
		EBB88F392008BD430027A3AD /* Frameworks */ = {
			isa = PBXFrameworksBuildPhase;
			buildActionMask = 2147483647;
			files = (
			);
			runOnlyForDeploymentPostprocessing = 0;
		};
/* End PBXFrameworksBuildPhase section */

/* Begin PBXGroup section */
		EBB88F332008BD430027A3AD = {
			isa = PBXGroup;
			children = (
				EBB88F3E2008BD430027A3AD /* CodeFEST */,
				EBB88F3D2008BD430027A3AD /* Products */,
			);
			sourceTree = "<group>";
		};
		EBB88F3D2008BD430027A3AD /* Products */ = {
			isa = PBXGroup;
			children = (
				EBB88F3C2008BD430027A3AD /* CodeFEST */,
			);
			name = Products;
			sourceTree = "<group>";
		};
		EBB88F3E2008BD430027A3AD /* CodeFEST */ = {
			isa = PBXGroup;
			children = (
				EBB88F3F2008BD440027A3AD /* main.swift */,
				EB7EFD302009898A0006394C /* Extensions.swift */,
				EBB88F4E2008BE530027A3AD /* 2015 */,
				EBB88F4F2008BE780027A3AD /* 2016 */,
				EBB88F5A2008BF790027A3AD /* 2017 */,
			);
			path = CodeFEST;
			sourceTree = "<group>";
		};
		EBB88F4E2008BE530027A3AD /* 2015 */ = {
			isa = PBXGroup;
			children = (
				EBB88F492008BD970027A3AD /* R12015.swift */,
				EBB88F472008BD970027A3AD /* R22015.swift */,
				EBB88F462008BD970027A3AD /* R32015.swift */,
				EBB88F482008BD970027A3AD /* R42015.swift */,
			);
			path = 2015;
			sourceTree = "<group>";
		};
		EBB88F4F2008BE780027A3AD /* 2016 */ = {
			isa = PBXGroup;
			children = (
				EBB88F512008BE8D0027A3AD /* R12016.swift */,
				EBB88F522008BE8D0027A3AD /* R22016.swift */,
				EBB88F542008BE8D0027A3AD /* R32016.swift */,
				EBB88F532008BE8D0027A3AD /* R42016.swift */,
				EBB88F502008BE8D0027A3AD /* R52016.swift */,
			);
			path = 2016;
			sourceTree = "<group>";
		};
		EBB88F5A2008BF790027A3AD /* 2017 */ = {
			isa = PBXGroup;
			children = (
				EBB88F5E2008BF850027A3AD /* R12017.swift */,
				EBB88F5B2008BF840027A3AD /* R22017.swift */,
				EBB88F5F2008BF850027A3AD /* R32017.swift */,
				EBB88F5D2008BF850027A3AD /* R42017.swift */,
				EBB88F5C2008BF850027A3AD /* R52017.swift */,
			);
			path = 2017;
			sourceTree = "<group>";
		};
/* End PBXGroup section */

/* Begin PBXNativeTarget section */
		EBB88F3B2008BD430027A3AD /* CodeFEST */ = {
			isa = PBXNativeTarget;
			buildConfigurationList = EBB88F432008BD440027A3AD /* Build configuration list for PBXNativeTarget "CodeFEST" */;
			buildPhases = (
				EBB88F382008BD430027A3AD /* Sources */,
				EBB88F392008BD430027A3AD /* Frameworks */,
				EBB88F3A2008BD430027A3AD /* CopyFiles */,
			);
			buildRules = (
			);
			dependencies = (
			);
			name = CodeFEST;
			productName = CodeFEST;
			productReference = EBB88F3C2008BD430027A3AD /* CodeFEST */;
			productType = "com.apple.product-type.tool";
		};
/* End PBXNativeTarget section */

/* Begin PBXProject section */
		EBB88F342008BD430027A3AD /* Project object */ = {
			isa = PBXProject;
			attributes = {
				LastSwiftUpdateCheck = 0920;
				LastUpgradeCheck = 0920;
				ORGANIZATIONNAME = "Pedro L. Diaz Montilla";
				TargetAttributes = {
					EBB88F3B2008BD430027A3AD = {
						CreatedOnToolsVersion = 9.2;
						ProvisioningStyle = Automatic;
					};
				};
			};
			buildConfigurationList = EBB88F372008BD430027A3AD /* Build configuration list for PBXProject "CodeFEST" */;
			compatibilityVersion = "Xcode 8.0";
			developmentRegion = en;
			hasScannedForEncodings = 0;
			knownRegions = (
				en,
			);
			mainGroup = EBB88F332008BD430027A3AD;
			productRefGroup = EBB88F3D2008BD430027A3AD /* Products */;
			projectDirPath = "";
			projectRoot = "";
			targets = (
				EBB88F3B2008BD430027A3AD /* CodeFEST */,
			);
		};
/* End PBXProject section */

/* Begin PBXSourcesBuildPhase section */
		EBB88F382008BD430027A3AD /* Sources */ = {
			isa = PBXSourcesBuildPhase;
			buildActionMask = 2147483647;
			files = (
				EBB88F632008BF850027A3AD /* R12017.swift in Sources */,
				EBB88F4D2008BD970027A3AD /* R12015.swift in Sources */,
				EBB88F4A2008BD970027A3AD /* R32015.swift in Sources */,
				EBB88F642008BF850027A3AD /* R32017.swift in Sources */,
				EBB88F562008BE8D0027A3AD /* R12016.swift in Sources */,
				EBB88F592008BE8D0027A3AD /* R32016.swift in Sources */,
				EBB88F4C2008BD970027A3AD /* R42015.swift in Sources */,
				EBB88F602008BF850027A3AD /* R22017.swift in Sources */,
				EBB88F572008BE8D0027A3AD /* R22016.swift in Sources */,
				EBB88F582008BE8D0027A3AD /* R42016.swift in Sources */,
				EBB88F612008BF850027A3AD /* R52017.swift in Sources */,
				EB7EFD312009898A0006394C /* Extensions.swift in Sources */,
				EBB88F4B2008BD970027A3AD /* R22015.swift in Sources */,
				EBB88F622008BF850027A3AD /* R42017.swift in Sources */,
				EBB88F402008BD440027A3AD /* main.swift in Sources */,
				EBB88F552008BE8D0027A3AD /* R52016.swift in Sources */,
			);
			runOnlyForDeploymentPostprocessing = 0;
		};
/* End PBXSourcesBuildPhase section */

/* Begin XCBuildConfiguration section */
		EBB88F412008BD440027A3AD /* Debug */ = {
			isa = XCBuildConfiguration;
			buildSettings = {
				ALWAYS_SEARCH_USER_PATHS = NO;
				CLANG_ANALYZER_NONNULL = YES;
				CLANG_ANALYZER_NUMBER_OBJECT_CONVERSION = YES_AGGRESSIVE;
				CLANG_CXX_LANGUAGE_STANDARD = "gnu++14";
				CLANG_CXX_LIBRARY = "libc++";
				CLANG_ENABLE_MODULES = YES;
				CLANG_ENABLE_OBJC_ARC = YES;
				CLANG_WARN_BLOCK_CAPTURE_AUTORELEASING = YES;
				CLANG_WARN_BOOL_CONVERSION = YES;
				CLANG_WARN_COMMA = YES;
				CLANG_WARN_CONSTANT_CONVERSION = YES;
				CLANG_WARN_DIRECT_OBJC_ISA_USAGE = YES_ERROR;
				CLANG_WARN_DOCUMENTATION_COMMENTS = YES;
				CLANG_WARN_EMPTY_BODY = YES;
				CLANG_WARN_ENUM_CONVERSION = YES;
				CLANG_WARN_INFINITE_RECURSION = YES;
				CLANG_WARN_INT_CONVERSION = YES;
				CLANG_WARN_NON_LITERAL_NULL_CONVERSION = YES;
				CLANG_WARN_OBJC_LITERAL_CONVERSION = YES;
				CLANG_WARN_OBJC_ROOT_CLASS = YES_ERROR;
				CLANG_WARN_RANGE_LOOP_ANALYSIS = YES;
				CLANG_WARN_STRICT_PROTOTYPES = YES;
				CLANG_WARN_SUSPICIOUS_MOVE = YES;
				CLANG_WARN_UNGUARDED_AVAILABILITY = YES_AGGRESSIVE;
				CLANG_WARN_UNREACHABLE_CODE = YES;
				CLANG_WARN__DUPLICATE_METHOD_MATCH = YES;
				CODE_SIGN_IDENTITY = "-";
				COPY_PHASE_STRIP = NO;
				DEBUG_INFORMATION_FORMAT = dwarf;
				ENABLE_STRICT_OBJC_MSGSEND = YES;
				ENABLE_TESTABILITY = YES;
				GCC_C_LANGUAGE_STANDARD = gnu11;
				GCC_DYNAMIC_NO_PIC = NO;
				GCC_NO_COMMON_BLOCKS = YES;
				GCC_OPTIMIZATION_LEVEL = 0;
				GCC_PREPROCESSOR_DEFINITIONS = (
					"DEBUG=1",
					"$(inherited)",
				);
				GCC_WARN_64_TO_32_BIT_CONVERSION = YES;
				GCC_WARN_ABOUT_RETURN_TYPE = YES_ERROR;
				GCC_WARN_UNDECLARED_SELECTOR = YES;
				GCC_WARN_UNINITIALIZED_AUTOS = YES_AGGRESSIVE;
				GCC_WARN_UNUSED_FUNCTION = YES;
				GCC_WARN_UNUSED_VARIABLE = YES;
				MACOSX_DEPLOYMENT_TARGET = 10.13;
				MTL_ENABLE_DEBUG_INFO = YES;
				ONLY_ACTIVE_ARCH = YES;
				SDKROOT = macosx;
				SWIFT_ACTIVE_COMPILATION_CONDITIONS = DEBUG;
				SWIFT_OPTIMIZATION_LEVEL = "-Onone";
			};
			name = Debug;
		};
		EBB88F422008BD440027A3AD /* Release */ = {
			isa = XCBuildConfiguration;
			buildSettings = {
				ALWAYS_SEARCH_USER_PATHS = NO;
				CLANG_ANALYZER_NONNULL = YES;
				CLANG_ANALYZER_NUMBER_OBJECT_CONVERSION = YES_AGGRESSIVE;
				CLANG_CXX_LANGUAGE_STANDARD = "gnu++14";
				CLANG_CXX_LIBRARY = "libc++";
				CLANG_ENABLE_MODULES = YES;
				CLANG_ENABLE_OBJC_ARC = YES;
				CLANG_WARN_BLOCK_CAPTURE_AUTORELEASING = YES;
				CLANG_WARN_BOOL_CONVERSION = YES;
				CLANG_WARN_COMMA = YES;
				CLANG_WARN_CONSTANT_CONVERSION = YES;
				CLANG_WARN_DIRECT_OBJC_ISA_USAGE = YES_ERROR;
				CLANG_WARN_DOCUMENTATION_COMMENTS = YES;
				CLANG_WARN_EMPTY_BODY = YES;
				CLANG_WARN_ENUM_CONVERSION = YES;
				CLANG_WARN_INFINITE_RECURSION = YES;
				CLANG_WARN_INT_CONVERSION = YES;
				CLANG_WARN_NON_LITERAL_NULL_CONVERSION = YES;
				CLANG_WARN_OBJC_LITERAL_CONVERSION = YES;
				CLANG_WARN_OBJC_ROOT_CLASS = YES_ERROR;
				CLANG_WARN_RANGE_LOOP_ANALYSIS = YES;
				CLANG_WARN_STRICT_PROTOTYPES = YES;
				CLANG_WARN_SUSPICIOUS_MOVE = YES;
				CLANG_WARN_UNGUARDED_AVAILABILITY = YES_AGGRESSIVE;
				CLANG_WARN_UNREACHABLE_CODE = YES;
				CLANG_WARN__DUPLICATE_METHOD_MATCH = YES;
				CODE_SIGN_IDENTITY = "-";
				COPY_PHASE_STRIP = NO;
				DEBUG_INFORMATION_FORMAT = "dwarf-with-dsym";
				ENABLE_NS_ASSERTIONS = NO;
				ENABLE_STRICT_OBJC_MSGSEND = YES;
				GCC_C_LANGUAGE_STANDARD = gnu11;
				GCC_NO_COMMON_BLOCKS = YES;
				GCC_WARN_64_TO_32_BIT_CONVERSION = YES;
				GCC_WARN_ABOUT_RETURN_TYPE = YES_ERROR;
				GCC_WARN_UNDECLARED_SELECTOR = YES;
				GCC_WARN_UNINITIALIZED_AUTOS = YES_AGGRESSIVE;
				GCC_WARN_UNUSED_FUNCTION = YES;
				GCC_WARN_UNUSED_VARIABLE = YES;
				MACOSX_DEPLOYMENT_TARGET = 10.13;
				MTL_ENABLE_DEBUG_INFO = NO;
				SDKROOT = macosx;
				SWIFT_OPTIMIZATION_LEVEL = "-Owholemodule";
			};
			name = Release;
		};
		EBB88F442008BD440027A3AD /* Debug */ = {
			isa = XCBuildConfiguration;
			buildSettings = {
				CODE_SIGN_STYLE = Automatic;
				PRODUCT_NAME = "$(TARGET_NAME)";
				SWIFT_VERSION = 4.0;
			};
			name = Debug;
		};
		EBB88F452008BD440027A3AD /* Release */ = {
			isa = XCBuildConfiguration;
			buildSettings = {
				CODE_SIGN_STYLE = Automatic;
				PRODUCT_NAME = "$(TARGET_NAME)";
				SWIFT_VERSION = 4.0;
			};
			name = Release;
		};
/* End XCBuildConfiguration section */

/* Begin XCConfigurationList section */
		EBB88F372008BD430027A3AD /* Build configuration list for PBXProject "CodeFEST" */ = {
			isa = XCConfigurationList;
			buildConfigurations = (
				EBB88F412008BD440027A3AD /* Debug */,
				EBB88F422008BD440027A3AD /* Release */,
			);
			defaultConfigurationIsVisible = 0;
			defaultConfigurationName = Release;
		};
		EBB88F432008BD440027A3AD /* Build configuration list for PBXNativeTarget "CodeFEST" */ = {
			isa = XCConfigurationList;
			buildConfigurations = (
				EBB88F442008BD440027A3AD /* Debug */,
				EBB88F452008BD440027A3AD /* Release */,
			);
			defaultConfigurationIsVisible = 0;
			defaultConfigurationName = Release;
		};
/* End XCConfigurationList section */
	};
	rootObject = EBB88F342008BD430027A3AD /* Project object */;
}
